// !$*UTF8*$!
{
	archiveVersion = 1;
	classes = {
	};
	objectVersion = 51;
	objects = {

/* Begin PBXBuildFile section */
		62145EB5AD7168B12004CDBA /* Pods_ios_lottostat.framework in Frameworks */ = {isa = PBXBuildFile; fileRef = 1B895798E597A85AB71147EF /* Pods_ios_lottostat.framework */; };
		C20F0DB62701F2FD009D18FB /* RecommendViewController.storyboard in Resources */ = {isa = PBXBuildFile; fileRef = C20F0DB52701F2FD009D18FB /* RecommendViewController.storyboard */; };
		C20F0DB82701F311009D18FB /* RecommendViewController.swift in Sources */ = {isa = PBXBuildFile; fileRef = C20F0DB72701F311009D18FB /* RecommendViewController.swift */; };
		C20F0DBB270340AF009D18FB /* LTAppBar.xib in Resources */ = {isa = PBXBuildFile; fileRef = C20F0DBA270340AF009D18FB /* LTAppBar.xib */; };
		C20F0DBD270340CA009D18FB /* LTAppBar.swift in Sources */ = {isa = PBXBuildFile; fileRef = C20F0DBC270340CA009D18FB /* LTAppBar.swift */; };
		C20F0DBF270BA8F4009D18FB /* BaseController.swift in Sources */ = {isa = PBXBuildFile; fileRef = C20F0DBE270BA8F4009D18FB /* BaseController.swift */; };
		C23EC0B026E8D22800828BAB /* AppDelegate.swift in Sources */ = {isa = PBXBuildFile; fileRef = C23EC0AF26E8D22800828BAB /* AppDelegate.swift */; };
		C23EC0B426E8D22800828BAB /* ViewController.swift in Sources */ = {isa = PBXBuildFile; fileRef = C23EC0B326E8D22800828BAB /* ViewController.swift */; };
		C23EC0B926E8D22A00828BAB /* Assets.xcassets in Resources */ = {isa = PBXBuildFile; fileRef = C23EC0B826E8D22A00828BAB /* Assets.xcassets */; };
		C23EC0BC26E8D22A00828BAB /* LaunchScreen.storyboard in Resources */ = {isa = PBXBuildFile; fileRef = C23EC0BA26E8D22A00828BAB /* LaunchScreen.storyboard */; };
		C23EC0C626EBAE6100828BAB /* IntroViewController.storyboard in Resources */ = {isa = PBXBuildFile; fileRef = C23EC0C526EBAE6100828BAB /* IntroViewController.storyboard */; };
		C23EC0C826EBAF4B00828BAB /* IntroViewController.swift in Sources */ = {isa = PBXBuildFile; fileRef = C23EC0C726EBAF4B00828BAB /* IntroViewController.swift */; };
		C23EC0CB26EC61C500828BAB /* LTHorizontalLoadingView.swift in Sources */ = {isa = PBXBuildFile; fileRef = C23EC0CA26EC61C500828BAB /* LTHorizontalLoadingView.swift */; };
		C23EC0CE26EFF42000828BAB /* DateUtil.swift in Sources */ = {isa = PBXBuildFile; fileRef = C23EC0CD26EFF42000828BAB /* DateUtil.swift */; };
		C23EC0DA26F14AA400828BAB /* GoogleService-Info.plist in Resources */ = {isa = PBXBuildFile; fileRef = C23EC0D926F14AA400828BAB /* GoogleService-Info.plist */; };
		C23EC0DC26F366B400828BAB /* LogUtil.swift in Sources */ = {isa = PBXBuildFile; fileRef = C23EC0DB26F366B400828BAB /* LogUtil.swift */; };
		C2AA464F2744600000F213EB /* HJCheckBox.swift in Sources */ = {isa = PBXBuildFile; fileRef = C2AA464E2744600000F213EB /* HJCheckBox.swift */; };
		C2AA46512745196700F213EB /* HJScrollView.swift in Sources */ = {isa = PBXBuildFile; fileRef = C2AA46502745196700F213EB /* HJScrollView.swift */; };
		C2AA46552757B05300F213EB /* HJTextField.swift in Sources */ = {isa = PBXBuildFile; fileRef = C2AA46542757B05300F213EB /* HJTextField.swift */; };
		C2AA46572759056700F213EB /* HJNumberTextField.swift in Sources */ = {isa = PBXBuildFile; fileRef = C2AA46562759056700F213EB /* HJNumberTextField.swift */; };
		C2AA4659275BC69800F213EB /* HJLabel.swift in Sources */ = {isa = PBXBuildFile; fileRef = C2AA4658275BC69800F213EB /* HJLabel.swift */; };
		C2AA465B275E45B600F213EB /* BaseBottomSheetContent.swift in Sources */ = {isa = PBXBuildFile; fileRef = C2AA465A275E45B600F213EB /* BaseBottomSheetContent.swift */; };
		C2AE21DB26F580D700002D61 /* CommonDialog.xib in Resources */ = {isa = PBXBuildFile; fileRef = C2AE21DA26F580D700002D61 /* CommonDialog.xib */; };
		C2AE21DD26F615F500002D61 /* CommonDialog.swift in Sources */ = {isa = PBXBuildFile; fileRef = C2AE21DC26F615F500002D61 /* CommonDialog.swift */; };
		C2AE21E326F764ED00002D61 /* LTCardView.swift in Sources */ = {isa = PBXBuildFile; fileRef = C2AE21E226F764ED00002D61 /* LTCardView.swift */; };
		C2AE21E526F8169B00002D61 /* AppUtil.swift in Sources */ = {isa = PBXBuildFile; fileRef = C2AE21E426F8169B00002D61 /* AppUtil.swift */; };
		C2AE21E726F8BD7A00002D61 /* DefaultsUtil.swift in Sources */ = {isa = PBXBuildFile; fileRef = C2AE21E626F8BD7A00002D61 /* DefaultsUtil.swift */; };
		C2AE21EA26F8C5E000002D61 /* DefineDefaults.swift in Sources */ = {isa = PBXBuildFile; fileRef = C2AE21E926F8C5E000002D61 /* DefineDefaults.swift */; };
		C2AE21ED26F8D1F600002D61 /* SQLite.swift in Sources */ = {isa = PBXBuildFile; fileRef = C2AE21EC26F8D1F600002D61 /* SQLite.swift */; };
		C2AE21F026F97D2300002D61 /* DefineQuery.swift in Sources */ = {isa = PBXBuildFile; fileRef = C2AE21EF26F97D2300002D61 /* DefineQuery.swift */; };
		C2AE21F226F996D300002D61 /* lotto.db in Resources */ = {isa = PBXBuildFile; fileRef = C2AE21EE26F8D9AD00002D61 /* lotto.db */; };
		C2AE21F426FAB42600002D61 /* FileUtil.swift in Sources */ = {isa = PBXBuildFile; fileRef = C2AE21F326FAB42600002D61 /* FileUtil.swift */; };
		C2AE21F626FAEE7800002D61 /* SQLiteService.swift in Sources */ = {isa = PBXBuildFile; fileRef = C2AE21F526FAEE7800002D61 /* SQLiteService.swift */; };
		C2AE21FA26FAF1FA00002D61 /* LottoWinNumber.swift in Sources */ = {isa = PBXBuildFile; fileRef = C2AE21F926FAF1FA00002D61 /* LottoWinNumber.swift */; };
		C2AE21FD26FB6ABD00002D61 /* MainViewController.storyboard in Resources */ = {isa = PBXBuildFile; fileRef = C2AE21FC26FB6ABD00002D61 /* MainViewController.storyboard */; };
		C2AE21FF26FB6AD700002D61 /* MainViewController.swift in Sources */ = {isa = PBXBuildFile; fileRef = C2AE21FE26FB6AD700002D61 /* MainViewController.swift */; };
		C2BE59D826F37081000BB226 /* AppConfig.swift in Sources */ = {isa = PBXBuildFile; fileRef = C2BE59D726F37081000BB226 /* AppConfig.swift */; };
		C2BE59DA26F3723B000BB226 /* StringUtil.swift in Sources */ = {isa = PBXBuildFile; fileRef = C2BE59D926F3723B000BB226 /* StringUtil.swift */; };
		C2EFE7FA27310B6800C6FB7E /* LTGradientButton.swift in Sources */ = {isa = PBXBuildFile; fileRef = C2EFE7F927310B6800C6FB7E /* LTGradientButton.swift */; };
		C2EFE7FC2733355300C6FB7E /* HJDivider.swift in Sources */ = {isa = PBXBuildFile; fileRef = C2EFE7FB2733355300C6FB7E /* HJDivider.swift */; };
		C2EFE7FE2734007300C6FB7E /* FilterDialogController.swift in Sources */ = {isa = PBXBuildFile; fileRef = C2EFE7FD2734007300C6FB7E /* FilterDialogController.swift */; };
		C2FDCE902740CD4500C60E13 /* BottomSheetController.swift in Sources */ = {isa = PBXBuildFile; fileRef = C2FDCE8F2740CD4500C60E13 /* BottomSheetController.swift */; };
		C2FDCE922740D0DA00C60E13 /* FilterDialogController.storyboard in Resources */ = {isa = PBXBuildFile; fileRef = C2FDCE912740D0DA00C60E13 /* FilterDialogController.storyboard */; };
/* End PBXBuildFile section */

/* Begin PBXFileReference section */
		1B895798E597A85AB71147EF /* Pods_ios_lottostat.framework */ = {isa = PBXFileReference; explicitFileType = wrapper.framework; includeInIndex = 0; path = Pods_ios_lottostat.framework; sourceTree = BUILT_PRODUCTS_DIR; };
		599B98456BF2D4AC8872DAFF /* Pods-ios_lottostat.release.xcconfig */ = {isa = PBXFileReference; includeInIndex = 1; lastKnownFileType = text.xcconfig; name = "Pods-ios_lottostat.release.xcconfig"; path = "Target Support Files/Pods-ios_lottostat/Pods-ios_lottostat.release.xcconfig"; sourceTree = "<group>"; };
		6D7BD88C7F7669BA32C853CE /* Pods-ios_lottostat.debug.xcconfig */ = {isa = PBXFileReference; includeInIndex = 1; lastKnownFileType = text.xcconfig; name = "Pods-ios_lottostat.debug.xcconfig"; path = "Target Support Files/Pods-ios_lottostat/Pods-ios_lottostat.debug.xcconfig"; sourceTree = "<group>"; };
		C20F0DB52701F2FD009D18FB /* RecommendViewController.storyboard */ = {isa = PBXFileReference; lastKnownFileType = file.storyboard; path = RecommendViewController.storyboard; sourceTree = "<group>"; };
		C20F0DB72701F311009D18FB /* RecommendViewController.swift */ = {isa = PBXFileReference; lastKnownFileType = sourcecode.swift; path = RecommendViewController.swift; sourceTree = "<group>"; };
		C20F0DBA270340AF009D18FB /* LTAppBar.xib */ = {isa = PBXFileReference; lastKnownFileType = file.xib; path = LTAppBar.xib; sourceTree = "<group>"; };
		C20F0DBC270340CA009D18FB /* LTAppBar.swift */ = {isa = PBXFileReference; lastKnownFileType = sourcecode.swift; path = LTAppBar.swift; sourceTree = "<group>"; };
		C20F0DBE270BA8F4009D18FB /* BaseController.swift */ = {isa = PBXFileReference; lastKnownFileType = sourcecode.swift; path = BaseController.swift; sourceTree = "<group>"; };
		C23EC0AC26E8D22800828BAB /* ios_lottostat.app */ = {isa = PBXFileReference; explicitFileType = wrapper.application; includeInIndex = 0; path = ios_lottostat.app; sourceTree = BUILT_PRODUCTS_DIR; };
		C23EC0AF26E8D22800828BAB /* AppDelegate.swift */ = {isa = PBXFileReference; lastKnownFileType = sourcecode.swift; path = AppDelegate.swift; sourceTree = "<group>"; };
		C23EC0B326E8D22800828BAB /* ViewController.swift */ = {isa = PBXFileReference; lastKnownFileType = sourcecode.swift; path = ViewController.swift; sourceTree = "<group>"; };
		C23EC0B826E8D22A00828BAB /* Assets.xcassets */ = {isa = PBXFileReference; lastKnownFileType = folder.assetcatalog; path = Assets.xcassets; sourceTree = "<group>"; };
		C23EC0BB26E8D22A00828BAB /* Base */ = {isa = PBXFileReference; lastKnownFileType = file.storyboard; name = Base; path = Base.lproj/LaunchScreen.storyboard; sourceTree = "<group>"; };
		C23EC0BD26E8D22A00828BAB /* Info.plist */ = {isa = PBXFileReference; lastKnownFileType = text.plist.xml; path = Info.plist; sourceTree = "<group>"; };
		C23EC0C526EBAE6100828BAB /* IntroViewController.storyboard */ = {isa = PBXFileReference; lastKnownFileType = file.storyboard; path = IntroViewController.storyboard; sourceTree = "<group>"; };
		C23EC0C726EBAF4B00828BAB /* IntroViewController.swift */ = {isa = PBXFileReference; lastKnownFileType = sourcecode.swift; path = IntroViewController.swift; sourceTree = "<group>"; };
		C23EC0CA26EC61C500828BAB /* LTHorizontalLoadingView.swift */ = {isa = PBXFileReference; lastKnownFileType = sourcecode.swift; path = LTHorizontalLoadingView.swift; sourceTree = "<group>"; };
		C23EC0CD26EFF42000828BAB /* DateUtil.swift */ = {isa = PBXFileReference; lastKnownFileType = sourcecode.swift; path = DateUtil.swift; sourceTree = "<group>"; };
		C23EC0D926F14AA400828BAB /* GoogleService-Info.plist */ = {isa = PBXFileReference; fileEncoding = 4; lastKnownFileType = text.plist.xml; path = "GoogleService-Info.plist"; sourceTree = "<group>"; };
		C23EC0DB26F366B400828BAB /* LogUtil.swift */ = {isa = PBXFileReference; lastKnownFileType = sourcecode.swift; path = LogUtil.swift; sourceTree = "<group>"; };
		C2AA464E2744600000F213EB /* HJCheckBox.swift */ = {isa = PBXFileReference; lastKnownFileType = sourcecode.swift; path = HJCheckBox.swift; sourceTree = "<group>"; };
		C2AA46502745196700F213EB /* HJScrollView.swift */ = {isa = PBXFileReference; lastKnownFileType = sourcecode.swift; path = HJScrollView.swift; sourceTree = "<group>"; };
		C2AA46542757B05300F213EB /* HJTextField.swift */ = {isa = PBXFileReference; lastKnownFileType = sourcecode.swift; path = HJTextField.swift; sourceTree = "<group>"; };
		C2AA46562759056700F213EB /* HJNumberTextField.swift */ = {isa = PBXFileReference; lastKnownFileType = sourcecode.swift; path = HJNumberTextField.swift; sourceTree = "<group>"; };
		C2AA4658275BC69800F213EB /* HJLabel.swift */ = {isa = PBXFileReference; lastKnownFileType = sourcecode.swift; path = HJLabel.swift; sourceTree = "<group>"; };
		C2AA465A275E45B600F213EB /* BaseBottomSheetContent.swift */ = {isa = PBXFileReference; lastKnownFileType = sourcecode.swift; path = BaseBottomSheetContent.swift; sourceTree = "<group>"; };
		C2AE21DA26F580D700002D61 /* CommonDialog.xib */ = {isa = PBXFileReference; lastKnownFileType = file.xib; path = CommonDialog.xib; sourceTree = "<group>"; };
		C2AE21DC26F615F500002D61 /* CommonDialog.swift */ = {isa = PBXFileReference; lastKnownFileType = sourcecode.swift; path = CommonDialog.swift; sourceTree = "<group>"; };
		C2AE21E226F764ED00002D61 /* LTCardView.swift */ = {isa = PBXFileReference; lastKnownFileType = sourcecode.swift; path = LTCardView.swift; sourceTree = "<group>"; };
		C2AE21E426F8169B00002D61 /* AppUtil.swift */ = {isa = PBXFileReference; lastKnownFileType = sourcecode.swift; path = AppUtil.swift; sourceTree = "<group>"; };
		C2AE21E626F8BD7A00002D61 /* DefaultsUtil.swift */ = {isa = PBXFileReference; lastKnownFileType = sourcecode.swift; path = DefaultsUtil.swift; sourceTree = "<group>"; };
		C2AE21E926F8C5E000002D61 /* DefineDefaults.swift */ = {isa = PBXFileReference; lastKnownFileType = sourcecode.swift; path = DefineDefaults.swift; sourceTree = "<group>"; };
		C2AE21EC26F8D1F600002D61 /* SQLite.swift */ = {isa = PBXFileReference; lastKnownFileType = sourcecode.swift; path = SQLite.swift; sourceTree = "<group>"; };
		C2AE21EE26F8D9AD00002D61 /* lotto.db */ = {isa = PBXFileReference; lastKnownFileType = file; path = lotto.db; sourceTree = "<group>"; };
		C2AE21EF26F97D2300002D61 /* DefineQuery.swift */ = {isa = PBXFileReference; lastKnownFileType = sourcecode.swift; path = DefineQuery.swift; sourceTree = "<group>"; };
		C2AE21F326FAB42600002D61 /* FileUtil.swift */ = {isa = PBXFileReference; lastKnownFileType = sourcecode.swift; path = FileUtil.swift; sourceTree = "<group>"; };
		C2AE21F526FAEE7800002D61 /* SQLiteService.swift */ = {isa = PBXFileReference; lastKnownFileType = sourcecode.swift; path = SQLiteService.swift; sourceTree = "<group>"; };
		C2AE21F926FAF1FA00002D61 /* LottoWinNumber.swift */ = {isa = PBXFileReference; lastKnownFileType = sourcecode.swift; path = LottoWinNumber.swift; sourceTree = "<group>"; };
		C2AE21FC26FB6ABD00002D61 /* MainViewController.storyboard */ = {isa = PBXFileReference; lastKnownFileType = file.storyboard; path = MainViewController.storyboard; sourceTree = "<group>"; };
		C2AE21FE26FB6AD700002D61 /* MainViewController.swift */ = {isa = PBXFileReference; lastKnownFileType = sourcecode.swift; path = MainViewController.swift; sourceTree = "<group>"; };
		C2BE59D726F37081000BB226 /* AppConfig.swift */ = {isa = PBXFileReference; lastKnownFileType = sourcecode.swift; path = AppConfig.swift; sourceTree = "<group>"; };
		C2BE59D926F3723B000BB226 /* StringUtil.swift */ = {isa = PBXFileReference; lastKnownFileType = sourcecode.swift; path = StringUtil.swift; sourceTree = "<group>"; };
		C2EFE7F927310B6800C6FB7E /* LTGradientButton.swift */ = {isa = PBXFileReference; lastKnownFileType = sourcecode.swift; path = LTGradientButton.swift; sourceTree = "<group>"; };
		C2EFE7FB2733355300C6FB7E /* HJDivider.swift */ = {isa = PBXFileReference; lastKnownFileType = sourcecode.swift; path = HJDivider.swift; sourceTree = "<group>"; };
		C2EFE7FD2734007300C6FB7E /* FilterDialogController.swift */ = {isa = PBXFileReference; lastKnownFileType = sourcecode.swift; path = FilterDialogController.swift; sourceTree = "<group>"; };
		C2FDCE8F2740CD4500C60E13 /* BottomSheetController.swift */ = {isa = PBXFileReference; lastKnownFileType = sourcecode.swift; path = BottomSheetController.swift; sourceTree = "<group>"; };
		C2FDCE912740D0DA00C60E13 /* FilterDialogController.storyboard */ = {isa = PBXFileReference; lastKnownFileType = file.storyboard; path = FilterDialogController.storyboard; sourceTree = "<group>"; };
/* End PBXFileReference section */

/* Begin PBXFrameworksBuildPhase section */
		C23EC0A926E8D22800828BAB /* Frameworks */ = {
			isa = PBXFrameworksBuildPhase;
			buildActionMask = 2147483647;
			files = (
				62145EB5AD7168B12004CDBA /* Pods_ios_lottostat.framework in Frameworks */,
			);
			runOnlyForDeploymentPostprocessing = 0;
		};
/* End PBXFrameworksBuildPhase section */

/* Begin PBXGroup section */
		94B7737167C2B6D41F562663 /* Pods */ = {
			isa = PBXGroup;
			children = (
				6D7BD88C7F7669BA32C853CE /* Pods-ios_lottostat.debug.xcconfig */,
				599B98456BF2D4AC8872DAFF /* Pods-ios_lottostat.release.xcconfig */,
			);
			path = Pods;
			sourceTree = "<group>";
		};
		C20F0DB42701F2AB009D18FB /* Recommend */ = {
			isa = PBXGroup;
			children = (
				C20F0DB52701F2FD009D18FB /* RecommendViewController.storyboard */,
				C20F0DB72701F311009D18FB /* RecommendViewController.swift */,
				C2FDCE912740D0DA00C60E13 /* FilterDialogController.storyboard */,
				C2EFE7FD2734007300C6FB7E /* FilterDialogController.swift */,
			);
			path = Recommend;
			sourceTree = "<group>";
		};
		C20F0DB927034052009D18FB /* LTAppBar */ = {
			isa = PBXGroup;
			children = (
				C20F0DBA270340AF009D18FB /* LTAppBar.xib */,
				C20F0DBC270340CA009D18FB /* LTAppBar.swift */,
			);
			path = LTAppBar;
			sourceTree = "<group>";
		};
		C23EC0A326E8D22800828BAB = {
			isa = PBXGroup;
			children = (
				C23EC0AE26E8D22800828BAB /* ios_lottostat */,
				C23EC0AD26E8D22800828BAB /* Products */,
				94B7737167C2B6D41F562663 /* Pods */,
				E4A822EE9F396B4ABDCCFEFA /* Frameworks */,
			);
			sourceTree = "<group>";
		};
		C23EC0AD26E8D22800828BAB /* Products */ = {
			isa = PBXGroup;
			children = (
				C23EC0AC26E8D22800828BAB /* ios_lottostat.app */,
			);
			name = Products;
			sourceTree = "<group>";
		};
		C23EC0AE26E8D22800828BAB /* ios_lottostat */ = {
			isa = PBXGroup;
			children = (
				C2AE21F726FAF1CB00002D61 /* Data */,
				C2AE21EB26F8D1E400002D61 /* DB */,
				C2AE21E826F8C5C700002D61 /* Common */,
				C2AE21D926F57D4A00002D61 /* Dialog */,
				C23EC0CC26EFF40B00828BAB /* _util */,
				C23EC0C926EC5F6500828BAB /* _ui */,
				C23EC0C326EA231800828BAB /* Controller */,
				C23EC0AF26E8D22800828BAB /* AppDelegate.swift */,
				C23EC0B326E8D22800828BAB /* ViewController.swift */,
				C23EC0B826E8D22A00828BAB /* Assets.xcassets */,
				C23EC0BA26E8D22A00828BAB /* LaunchScreen.storyboard */,
				C23EC0BD26E8D22A00828BAB /* Info.plist */,
				C23EC0D926F14AA400828BAB /* GoogleService-Info.plist */,
				C2BE59D726F37081000BB226 /* AppConfig.swift */,
			);
			path = ios_lottostat;
			sourceTree = "<group>";
		};
		C23EC0C326EA231800828BAB /* Controller */ = {
			isa = PBXGroup;
			children = (
				C20F0DB42701F2AB009D18FB /* Recommend */,
				C2AE21FB26FB6AAB00002D61 /* Main */,
				C23EC0C426EA232700828BAB /* Intro */,
				C20F0DBE270BA8F4009D18FB /* BaseController.swift */,
				C2FDCE8F2740CD4500C60E13 /* BottomSheetController.swift */,
				C2AA465A275E45B600F213EB /* BaseBottomSheetContent.swift */,
			);
			path = Controller;
			sourceTree = "<group>";
		};
		C23EC0C426EA232700828BAB /* Intro */ = {
			isa = PBXGroup;
			children = (
				C23EC0C526EBAE6100828BAB /* IntroViewController.storyboard */,
				C23EC0C726EBAF4B00828BAB /* IntroViewController.swift */,
			);
			path = Intro;
			sourceTree = "<group>";
		};
		C23EC0C926EC5F6500828BAB /* _ui */ = {
			isa = PBXGroup;
			children = (
				C20F0DB927034052009D18FB /* LTAppBar */,
				C23EC0CA26EC61C500828BAB /* LTHorizontalLoadingView.swift */,
				C2AE21E226F764ED00002D61 /* LTCardView.swift */,
				C2EFE7F927310B6800C6FB7E /* LTGradientButton.swift */,
				C2EFE7FB2733355300C6FB7E /* HJDivider.swift */,
				C2AA464E2744600000F213EB /* HJCheckBox.swift */,
				C2AA46502745196700F213EB /* HJScrollView.swift */,
				C2AA46542757B05300F213EB /* HJTextField.swift */,
				C2AA46562759056700F213EB /* HJNumberTextField.swift */,
				C2AA4658275BC69800F213EB /* HJLabel.swift */,
			);
			path = _ui;
			sourceTree = "<group>";
		};
		C23EC0CC26EFF40B00828BAB /* _util */ = {
			isa = PBXGroup;
			children = (
				C23EC0CD26EFF42000828BAB /* DateUtil.swift */,
				C23EC0DB26F366B400828BAB /* LogUtil.swift */,
				C2BE59D926F3723B000BB226 /* StringUtil.swift */,
				C2AE21E426F8169B00002D61 /* AppUtil.swift */,
				C2AE21E626F8BD7A00002D61 /* DefaultsUtil.swift */,
				C2AE21F326FAB42600002D61 /* FileUtil.swift */,
			);
			path = _util;
			sourceTree = "<group>";
		};
		C2AE21D926F57D4A00002D61 /* Dialog */ = {
			isa = PBXGroup;
			children = (
				C2AE21DA26F580D700002D61 /* CommonDialog.xib */,
				C2AE21DC26F615F500002D61 /* CommonDialog.swift */,
			);
			path = Dialog;
			sourceTree = "<group>";
		};
		C2AE21E826F8C5C700002D61 /* Common */ = {
			isa = PBXGroup;
			children = (
				C2AE21E926F8C5E000002D61 /* DefineDefaults.swift */,
				C2AE21EF26F97D2300002D61 /* DefineQuery.swift */,
			);
			path = Common;
			sourceTree = "<group>";
		};
		C2AE21EB26F8D1E400002D61 /* DB */ = {
			isa = PBXGroup;
			children = (
				C2AE21EE26F8D9AD00002D61 /* lotto.db */,
				C2AE21EC26F8D1F600002D61 /* SQLite.swift */,
				C2AE21F526FAEE7800002D61 /* SQLiteService.swift */,
			);
			path = DB;
			sourceTree = "<group>";
		};
		C2AE21F726FAF1CB00002D61 /* Data */ = {
			isa = PBXGroup;
			children = (
				C2AE21F926FAF1FA00002D61 /* LottoWinNumber.swift */,
			);
			path = Data;
			sourceTree = "<group>";
		};
		C2AE21FB26FB6AAB00002D61 /* Main */ = {
			isa = PBXGroup;
			children = (
				C2AE21FC26FB6ABD00002D61 /* MainViewController.storyboard */,
				C2AE21FE26FB6AD700002D61 /* MainViewController.swift */,
			);
			path = Main;
			sourceTree = "<group>";
		};
		E4A822EE9F396B4ABDCCFEFA /* Frameworks */ = {
			isa = PBXGroup;
			children = (
				1B895798E597A85AB71147EF /* Pods_ios_lottostat.framework */,
			);
			name = Frameworks;
			sourceTree = "<group>";
		};
/* End PBXGroup section */

/* Begin PBXNativeTarget section */
		C23EC0AB26E8D22800828BAB /* ios_lottostat */ = {
			isa = PBXNativeTarget;
			buildConfigurationList = C23EC0C026E8D22A00828BAB /* Build configuration list for PBXNativeTarget "ios_lottostat" */;
			buildPhases = (
				584180CF4243D78C6B4D2789 /* [CP] Check Pods Manifest.lock */,
				C23EC0A826E8D22800828BAB /* Sources */,
				C23EC0A926E8D22800828BAB /* Frameworks */,
				C23EC0AA26E8D22800828BAB /* Resources */,
				BA4046F7C119D50E3A87E78B /* [CP] Embed Pods Frameworks */,
			);
			buildRules = (
			);
			dependencies = (
			);
			name = ios_lottostat;
			productName = ios_lottostat;
			productReference = C23EC0AC26E8D22800828BAB /* ios_lottostat.app */;
			productType = "com.apple.product-type.application";
		};
/* End PBXNativeTarget section */

/* Begin PBXProject section */
		C23EC0A426E8D22800828BAB /* Project object */ = {
			isa = PBXProject;
			attributes = {
				LastSwiftUpdateCheck = 1250;
				LastUpgradeCheck = 1250;
				TargetAttributes = {
					C23EC0AB26E8D22800828BAB = {
						CreatedOnToolsVersion = 12.5;
					};
				};
			};
			buildConfigurationList = C23EC0A726E8D22800828BAB /* Build configuration list for PBXProject "ios_lottostat" */;
			compatibilityVersion = "Xcode 9.3";
			developmentRegion = en;
			hasScannedForEncodings = 0;
			knownRegions = (
				en,
				Base,
			);
			mainGroup = C23EC0A326E8D22800828BAB;
			productRefGroup = C23EC0AD26E8D22800828BAB /* Products */;
			projectDirPath = "";
			projectRoot = "";
			targets = (
				C23EC0AB26E8D22800828BAB /* ios_lottostat */,
			);
		};
/* End PBXProject section */

/* Begin PBXResourcesBuildPhase section */
		C23EC0AA26E8D22800828BAB /* Resources */ = {
			isa = PBXResourcesBuildPhase;
			buildActionMask = 2147483647;
			files = (
				C2AE21F226F996D300002D61 /* lotto.db in Resources */,
				C23EC0C626EBAE6100828BAB /* IntroViewController.storyboard in Resources */,
				C20F0DB62701F2FD009D18FB /* RecommendViewController.storyboard in Resources */,
				C2AE21DB26F580D700002D61 /* CommonDialog.xib in Resources */,
				C2FDCE922740D0DA00C60E13 /* FilterDialogController.storyboard in Resources */,
				C23EC0DA26F14AA400828BAB /* GoogleService-Info.plist in Resources */,
				C23EC0BC26E8D22A00828BAB /* LaunchScreen.storyboard in Resources */,
				C23EC0B926E8D22A00828BAB /* Assets.xcassets in Resources */,
				C20F0DBB270340AF009D18FB /* LTAppBar.xib in Resources */,
				C2AE21FD26FB6ABD00002D61 /* MainViewController.storyboard in Resources */,
			);
			runOnlyForDeploymentPostprocessing = 0;
		};
/* End PBXResourcesBuildPhase section */

/* Begin PBXShellScriptBuildPhase section */
		584180CF4243D78C6B4D2789 /* [CP] Check Pods Manifest.lock */ = {
			isa = PBXShellScriptBuildPhase;
			buildActionMask = 2147483647;
			files = (
			);
			inputFileListPaths = (
			);
			inputPaths = (
				"${PODS_PODFILE_DIR_PATH}/Podfile.lock",
				"${PODS_ROOT}/Manifest.lock",
			);
			name = "[CP] Check Pods Manifest.lock";
			outputFileListPaths = (
			);
			outputPaths = (
				"$(DERIVED_FILE_DIR)/Pods-ios_lottostat-checkManifestLockResult.txt",
			);
			runOnlyForDeploymentPostprocessing = 0;
			shellPath = /bin/sh;
			shellScript = "diff \"${PODS_PODFILE_DIR_PATH}/Podfile.lock\" \"${PODS_ROOT}/Manifest.lock\" > /dev/null\nif [ $? != 0 ] ; then\n    # print error to STDERR\n    echo \"error: The sandbox is not in sync with the Podfile.lock. Run 'pod install' or update your CocoaPods installation.\" >&2\n    exit 1\nfi\n# This output is used by Xcode 'outputs' to avoid re-running this script phase.\necho \"SUCCESS\" > \"${SCRIPT_OUTPUT_FILE_0}\"\n";
			showEnvVarsInLog = 0;
		};
		BA4046F7C119D50E3A87E78B /* [CP] Embed Pods Frameworks */ = {
			isa = PBXShellScriptBuildPhase;
			buildActionMask = 2147483647;
			files = (
			);
			inputFileListPaths = (
				"${PODS_ROOT}/Target Support Files/Pods-ios_lottostat/Pods-ios_lottostat-frameworks-${CONFIGURATION}-input-files.xcfilelist",
			);
			name = "[CP] Embed Pods Frameworks";
			outputFileListPaths = (
				"${PODS_ROOT}/Target Support Files/Pods-ios_lottostat/Pods-ios_lottostat-frameworks-${CONFIGURATION}-output-files.xcfilelist",
			);
			runOnlyForDeploymentPostprocessing = 0;
			shellPath = /bin/sh;
			shellScript = "\"${PODS_ROOT}/Target Support Files/Pods-ios_lottostat/Pods-ios_lottostat-frameworks.sh\"\n";
			showEnvVarsInLog = 0;
		};
/* End PBXShellScriptBuildPhase section */

/* Begin PBXSourcesBuildPhase section */
		C23EC0A826E8D22800828BAB /* Sources */ = {
			isa = PBXSourcesBuildPhase;
			buildActionMask = 2147483647;
			files = (
				C2AE21E726F8BD7A00002D61 /* DefaultsUtil.swift in Sources */,
				C2AE21ED26F8D1F600002D61 /* SQLite.swift in Sources */,
				C2FDCE902740CD4500C60E13 /* BottomSheetController.swift in Sources */,
				C2BE59DA26F3723B000BB226 /* StringUtil.swift in Sources */,
				C23EC0B426E8D22800828BAB /* ViewController.swift in Sources */,
				C23EC0CE26EFF42000828BAB /* DateUtil.swift in Sources */,
				C20F0DBD270340CA009D18FB /* LTAppBar.swift in Sources */,
				C2AE21FF26FB6AD700002D61 /* MainViewController.swift in Sources */,
				C23EC0B026E8D22800828BAB /* AppDelegate.swift in Sources */,
				C2AE21EA26F8C5E000002D61 /* DefineDefaults.swift in Sources */,
				C2AE21F426FAB42600002D61 /* FileUtil.swift in Sources */,
				C20F0DB82701F311009D18FB /* RecommendViewController.swift in Sources */,
				C2AA4659275BC69800F213EB /* HJLabel.swift in Sources */,
				C2EFE7FC2733355300C6FB7E /* HJDivider.swift in Sources */,
				C2AA46552757B05300F213EB /* HJTextField.swift in Sources */,
				C2AE21FA26FAF1FA00002D61 /* LottoWinNumber.swift in Sources */,
				C2BE59D826F37081000BB226 /* AppConfig.swift in Sources */,
				C2AE21E526F8169B00002D61 /* AppUtil.swift in Sources */,
				C2AA46512745196700F213EB /* HJScrollView.swift in Sources */,
				C2EFE7FE2734007300C6FB7E /* FilterDialogController.swift in Sources */,
				C23EC0C826EBAF4B00828BAB /* IntroViewController.swift in Sources */,
				C2AE21F626FAEE7800002D61 /* SQLiteService.swift in Sources */,
				C2AE21DD26F615F500002D61 /* CommonDialog.swift in Sources */,
				C2AA46572759056700F213EB /* HJNumberTextField.swift in Sources */,
				C2AA464F2744600000F213EB /* HJCheckBox.swift in Sources */,
				C23EC0DC26F366B400828BAB /* LogUtil.swift in Sources */,
				C2AE21F026F97D2300002D61 /* DefineQuery.swift in Sources */,
				C2AA465B275E45B600F213EB /* BaseBottomSheetContent.swift in Sources */,
				C2AE21E326F764ED00002D61 /* LTCardView.swift in Sources */,
				C20F0DBF270BA8F4009D18FB /* BaseController.swift in Sources */,
				C2EFE7FA27310B6800C6FB7E /* LTGradientButton.swift in Sources */,
				C23EC0CB26EC61C500828BAB /* LTHorizontalLoadingView.swift in Sources */,
			);
			runOnlyForDeploymentPostprocessing = 0;
		};
/* End PBXSourcesBuildPhase section */

/* Begin PBXVariantGroup section */
		C23EC0BA26E8D22A00828BAB /* LaunchScreen.storyboard */ = {
			isa = PBXVariantGroup;
			children = (
				C23EC0BB26E8D22A00828BAB /* Base */,
			);
			name = LaunchScreen.storyboard;
			sourceTree = "<group>";
		};
/* End PBXVariantGroup section */

/* Begin XCBuildConfiguration section */
		C23EC0BE26E8D22A00828BAB /* Debug */ = {
			isa = XCBuildConfiguration;
			buildSettings = {
				ALWAYS_SEARCH_USER_PATHS = NO;
				CLANG_ANALYZER_NONNULL = YES;
				CLANG_ANALYZER_NUMBER_OBJECT_CONVERSION = YES_AGGRESSIVE;
				CLANG_CXX_LANGUAGE_STANDARD = "gnu++14";
				CLANG_CXX_LIBRARY = "libc++";
				CLANG_ENABLE_MODULES = YES;
				CLANG_ENABLE_OBJC_ARC = YES;
				CLANG_ENABLE_OBJC_WEAK = YES;
				CLANG_WARN_BLOCK_CAPTURE_AUTORELEASING = YES;
				CLANG_WARN_BOOL_CONVERSION = YES;
				CLANG_WARN_COMMA = YES;
				CLANG_WARN_CONSTANT_CONVERSION = YES;
				CLANG_WARN_DEPRECATED_OBJC_IMPLEMENTATIONS = YES;
				CLANG_WARN_DIRECT_OBJC_ISA_USAGE = YES_ERROR;
				CLANG_WARN_DOCUMENTATION_COMMENTS = YES;
				CLANG_WARN_EMPTY_BODY = YES;
				CLANG_WARN_ENUM_CONVERSION = YES;
				CLANG_WARN_INFINITE_RECURSION = YES;
				CLANG_WARN_INT_CONVERSION = YES;
				CLANG_WARN_NON_LITERAL_NULL_CONVERSION = YES;
				CLANG_WARN_OBJC_IMPLICIT_RETAIN_SELF = YES;
				CLANG_WARN_OBJC_LITERAL_CONVERSION = YES;
				CLANG_WARN_OBJC_ROOT_CLASS = YES_ERROR;
				CLANG_WARN_QUOTED_INCLUDE_IN_FRAMEWORK_HEADER = YES;
				CLANG_WARN_RANGE_LOOP_ANALYSIS = YES;
				CLANG_WARN_STRICT_PROTOTYPES = YES;
				CLANG_WARN_SUSPICIOUS_MOVE = YES;
				CLANG_WARN_UNGUARDED_AVAILABILITY = YES_AGGRESSIVE;
				CLANG_WARN_UNREACHABLE_CODE = YES;
				CLANG_WARN__DUPLICATE_METHOD_MATCH = YES;
				COPY_PHASE_STRIP = NO;
				DEBUG_INFORMATION_FORMAT = dwarf;
				ENABLE_STRICT_OBJC_MSGSEND = YES;
				ENABLE_TESTABILITY = YES;
				GCC_C_LANGUAGE_STANDARD = gnu11;
				GCC_DYNAMIC_NO_PIC = NO;
				GCC_NO_COMMON_BLOCKS = YES;
				GCC_OPTIMIZATION_LEVEL = 0;
				GCC_PREPROCESSOR_DEFINITIONS = (
					"DEBUG=1",
					"$(inherited)",
				);
				GCC_WARN_64_TO_32_BIT_CONVERSION = YES;
				GCC_WARN_ABOUT_RETURN_TYPE = YES_ERROR;
				GCC_WARN_UNDECLARED_SELECTOR = YES;
				GCC_WARN_UNINITIALIZED_AUTOS = YES_AGGRESSIVE;
				GCC_WARN_UNUSED_FUNCTION = YES;
				GCC_WARN_UNUSED_VARIABLE = YES;
				IPHONEOS_DEPLOYMENT_TARGET = 10.0;
				MTL_ENABLE_DEBUG_INFO = INCLUDE_SOURCE;
				MTL_FAST_MATH = YES;
				ONLY_ACTIVE_ARCH = YES;
				SDKROOT = iphoneos;
				SWIFT_ACTIVE_COMPILATION_CONDITIONS = DEBUG;
				SWIFT_OPTIMIZATION_LEVEL = "-Onone";
			};
			name = Debug;
		};
		C23EC0BF26E8D22A00828BAB /* Release */ = {
			isa = XCBuildConfiguration;
			buildSettings = {
				ALWAYS_SEARCH_USER_PATHS = NO;
				CLANG_ANALYZER_NONNULL = YES;
				CLANG_ANALYZER_NUMBER_OBJECT_CONVERSION = YES_AGGRESSIVE;
				CLANG_CXX_LANGUAGE_STANDARD = "gnu++14";
				CLANG_CXX_LIBRARY = "libc++";
				CLANG_ENABLE_MODULES = YES;
				CLANG_ENABLE_OBJC_ARC = YES;
				CLANG_ENABLE_OBJC_WEAK = YES;
				CLANG_WARN_BLOCK_CAPTURE_AUTORELEASING = YES;
				CLANG_WARN_BOOL_CONVERSION = YES;
				CLANG_WARN_COMMA = YES;
				CLANG_WARN_CONSTANT_CONVERSION = YES;
				CLANG_WARN_DEPRECATED_OBJC_IMPLEMENTATIONS = YES;
				CLANG_WARN_DIRECT_OBJC_ISA_USAGE = YES_ERROR;
				CLANG_WARN_DOCUMENTATION_COMMENTS = YES;
				CLANG_WARN_EMPTY_BODY = YES;
				CLANG_WARN_ENUM_CONVERSION = YES;
				CLANG_WARN_INFINITE_RECURSION = YES;
				CLANG_WARN_INT_CONVERSION = YES;
				CLANG_WARN_NON_LITERAL_NULL_CONVERSION = YES;
				CLANG_WARN_OBJC_IMPLICIT_RETAIN_SELF = YES;
				CLANG_WARN_OBJC_LITERAL_CONVERSION = YES;
				CLANG_WARN_OBJC_ROOT_CLASS = YES_ERROR;
				CLANG_WARN_QUOTED_INCLUDE_IN_FRAMEWORK_HEADER = YES;
				CLANG_WARN_RANGE_LOOP_ANALYSIS = YES;
				CLANG_WARN_STRICT_PROTOTYPES = YES;
				CLANG_WARN_SUSPICIOUS_MOVE = YES;
				CLANG_WARN_UNGUARDED_AVAILABILITY = YES_AGGRESSIVE;
				CLANG_WARN_UNREACHABLE_CODE = YES;
				CLANG_WARN__DUPLICATE_METHOD_MATCH = YES;
				COPY_PHASE_STRIP = NO;
				DEBUG_INFORMATION_FORMAT = "dwarf-with-dsym";
				ENABLE_NS_ASSERTIONS = NO;
				ENABLE_STRICT_OBJC_MSGSEND = YES;
				GCC_C_LANGUAGE_STANDARD = gnu11;
				GCC_NO_COMMON_BLOCKS = YES;
				GCC_WARN_64_TO_32_BIT_CONVERSION = YES;
				GCC_WARN_ABOUT_RETURN_TYPE = YES_ERROR;
				GCC_WARN_UNDECLARED_SELECTOR = YES;
				GCC_WARN_UNINITIALIZED_AUTOS = YES_AGGRESSIVE;
				GCC_WARN_UNUSED_FUNCTION = YES;
				GCC_WARN_UNUSED_VARIABLE = YES;
				IPHONEOS_DEPLOYMENT_TARGET = 10.0;
				MTL_ENABLE_DEBUG_INFO = NO;
				MTL_FAST_MATH = YES;
				SDKROOT = iphoneos;
				SWIFT_COMPILATION_MODE = wholemodule;
				SWIFT_OPTIMIZATION_LEVEL = "-O";
				VALIDATE_PRODUCT = YES;
			};
			name = Release;
		};
		C23EC0C126E8D22A00828BAB /* Debug */ = {
			isa = XCBuildConfiguration;
			baseConfigurationReference = 6D7BD88C7F7669BA32C853CE /* Pods-ios_lottostat.debug.xcconfig */;
			buildSettings = {
				ASSETCATALOG_COMPILER_APPICON_NAME = AppIcon;
				ASSETCATALOG_COMPILER_GLOBAL_ACCENT_COLOR_NAME = AccentColor;
				CODE_SIGN_STYLE = Automatic;
				CURRENT_PROJECT_VERSION = 1.0.0;
				DEVELOPMENT_TEAM = WGWMP4P875;
				INFOPLIST_FILE = ios_lottostat/Info.plist;
				IPHONEOS_DEPLOYMENT_TARGET = 11.0;
				LD_RUNPATH_SEARCH_PATHS = (
					"$(inherited)",
					"@executable_path/Frameworks",
				);
				MARKETING_VERSION = 1.0.0;
				PRODUCT_BUNDLE_IDENTIFIER = com.ghj.lottostat;
				PRODUCT_NAME = "$(TARGET_NAME)";
				SWIFT_VERSION = 5.0;
				TARGETED_DEVICE_FAMILY = "1,2";
			};
			name = Debug;
		};
		C23EC0C226E8D22A00828BAB /* Release */ = {
			isa = XCBuildConfiguration;
			baseConfigurationReference = 599B98456BF2D4AC8872DAFF /* Pods-ios_lottostat.release.xcconfig */;
			buildSettings = {
				ASSETCATALOG_COMPILER_APPICON_NAME = AppIcon;
				ASSETCATALOG_COMPILER_GLOBAL_ACCENT_COLOR_NAME = AccentColor;
				CODE_SIGN_STYLE = Automatic;
				CURRENT_PROJECT_VERSION = 1.0.0;
				DEVELOPMENT_TEAM = WGWMP4P875;
				INFOPLIST_FILE = ios_lottostat/Info.plist;
				IPHONEOS_DEPLOYMENT_TARGET = 11.0;
				LD_RUNPATH_SEARCH_PATHS = (
					"$(inherited)",
					"@executable_path/Frameworks",
				);
				MARKETING_VERSION = 1.0.0;
				PRODUCT_BUNDLE_IDENTIFIER = com.ghj.lottostat;
				PRODUCT_NAME = "$(TARGET_NAME)";
				SWIFT_VERSION = 5.0;
				TARGETED_DEVICE_FAMILY = "1,2";
			};
			name = Release;
		};
/* End XCBuildConfiguration section */

/* Begin XCConfigurationList section */
		C23EC0A726E8D22800828BAB /* Build configuration list for PBXProject "ios_lottostat" */ = {
			isa = XCConfigurationList;
			buildConfigurations = (
				C23EC0BE26E8D22A00828BAB /* Debug */,
				C23EC0BF26E8D22A00828BAB /* Release */,
			);
			defaultConfigurationIsVisible = 0;
			defaultConfigurationName = Release;
		};
		C23EC0C026E8D22A00828BAB /* Build configuration list for PBXNativeTarget "ios_lottostat" */ = {
			isa = XCConfigurationList;
			buildConfigurations = (
				C23EC0C126E8D22A00828BAB /* Debug */,
				C23EC0C226E8D22A00828BAB /* Release */,
			);
			defaultConfigurationIsVisible = 0;
			defaultConfigurationName = Release;
		};
/* End XCConfigurationList section */
	};
	rootObject = C23EC0A426E8D22800828BAB /* Project object */;
}
